
Microsoft Visual Studio Solution File, Format Version 12.00
Project("{FAE04EC0-301F-11D3-BF4B-00C04F79EFBC}") = "AlertHub", "AlertHub\AlertHub.csproj", "{87469BEF-23C2-4264-A644-AACD275101A0}"
EndProject
Project("{FAE04EC0-301F-11D3-BF4B-00C04F79EFBC}") = "AlertHub.Tests", "AlertHub.Tests\AlertHub.Tests.csproj", "{A1146470-241A-428B-A2AD-062EBD62EB34}"
EndProject
Project("{FAE04EC0-301F-11D3-BF4B-00C04F79EFBC}") = "AlertHub.Domain", "AlertHub.Domain\AlertHub.Domain.csproj", "{82F8EA8D-6E31-4705-9AD2-6D116569527B}"
EndProject
Project("{FAE04EC0-301F-11D3-BF4B-00C04F79EFBC}") = "AlertHub.Application", "AlertHub.Application\AlertHub.Application.csproj", "{F57C4593-DD86-4A51-BD86-F5393FE4D1F8}"
EndProject
Project("{FAE04EC0-301F-11D3-BF4B-00C04F79EFBC}") = "AlertHub.Infrastructure", "AlertHub.Infrastructure\AlertHub.Infrastructure.csproj", "{FC3A56A2-4BE5-4F2D-BE89-6DAF997F4768}"
EndProject
Global
	GlobalSection(SolutionConfigurationPlatforms) = preSolution
		Debug|Any CPU = Debug|Any CPU
		Debug|x64 = Debug|x64
		Debug|x86 = Debug|x86
		Release|Any CPU = Release|Any CPU
		Release|x64 = Release|x64
		Release|x86 = Release|x86
	EndGlobalSection
	GlobalSection(ProjectConfigurationPlatforms) = postSolution
		{87469BEF-23C2-4264-A644-AACD275101A0}.Debug|Any CPU.ActiveCfg = Debug|Any CPU
		{87469BEF-23C2-4264-A644-AACD275101A0}.Debug|Any CPU.Build.0 = Debug|Any CPU
		{87469BEF-23C2-4264-A644-AACD275101A0}.Debug|x64.ActiveCfg = Debug|Any CPU
		{87469BEF-23C2-4264-A644-AACD275101A0}.Debug|x64.Build.0 = Debug|Any CPU
		{87469BEF-23C2-4264-A644-AACD275101A0}.Debug|x86.ActiveCfg = Debug|Any CPU
		{87469BEF-23C2-4264-A644-AACD275101A0}.Debug|x86.Build.0 = Debug|Any CPU
		{87469BEF-23C2-4264-A644-AACD275101A0}.Release|Any CPU.ActiveCfg = Release|Any CPU
		{87469BEF-23C2-4264-A644-AACD275101A0}.Release|Any CPU.Build.0 = Release|Any CPU
		{87469BEF-23C2-4264-A644-AACD275101A0}.Release|x64.ActiveCfg = Release|Any CPU
		{87469BEF-23C2-4264-A644-AACD275101A0}.Release|x64.Build.0 = Release|Any CPU
		{87469BEF-23C2-4264-A644-AACD275101A0}.Release|x86.ActiveCfg = Release|Any CPU
		{87469BEF-23C2-4264-A644-AACD275101A0}.Release|x86.Build.0 = Release|Any CPU
		{A1146470-241A-428B-A2AD-062EBD62EB34}.Debug|Any CPU.ActiveCfg = Debug|Any CPU
		{A1146470-241A-428B-A2AD-062EBD62EB34}.Debug|Any CPU.Build.0 = Debug|Any CPU
		{A1146470-241A-428B-A2AD-062EBD62EB34}.Debug|x64.ActiveCfg = Debug|Any CPU
		{A1146470-241A-428B-A2AD-062EBD62EB34}.Debug|x64.Build.0 = Debug|Any CPU
		{A1146470-241A-428B-A2AD-062EBD62EB34}.Debug|x86.ActiveCfg = Debug|Any CPU
		{A1146470-241A-428B-A2AD-062EBD62EB34}.Debug|x86.Build.0 = Debug|Any CPU
		{A1146470-241A-428B-A2AD-062EBD62EB34}.Release|Any CPU.ActiveCfg = Release|Any CPU
		{A1146470-241A-428B-A2AD-062EBD62EB34}.Release|Any CPU.Build.0 = Release|Any CPU
		{A1146470-241A-428B-A2AD-062EBD62EB34}.Release|x64.ActiveCfg = Release|Any CPU
		{A1146470-241A-428B-A2AD-062EBD62EB34}.Release|x64.Build.0 = Release|Any CPU
		{A1146470-241A-428B-A2AD-062EBD62EB34}.Release|x86.ActiveCfg = Release|Any CPU
		{A1146470-241A-428B-A2AD-062EBD62EB34}.Release|x86.Build.0 = Release|Any CPU
		{82F8EA8D-6E31-4705-9AD2-6D116569527B}.Debug|Any CPU.ActiveCfg = Debug|Any CPU
		{82F8EA8D-6E31-4705-9AD2-6D116569527B}.Debug|Any CPU.Build.0 = Debug|Any CPU
		{82F8EA8D-6E31-4705-9AD2-6D116569527B}.Debug|x64.ActiveCfg = Debug|Any CPU
		{82F8EA8D-6E31-4705-9AD2-6D116569527B}.Debug|x64.Build.0 = Debug|Any CPU
		{82F8EA8D-6E31-4705-9AD2-6D116569527B}.Debug|x86.ActiveCfg = Debug|Any CPU
		{82F8EA8D-6E31-4705-9AD2-6D116569527B}.Debug|x86.Build.0 = Debug|Any CPU
		{82F8EA8D-6E31-4705-9AD2-6D116569527B}.Release|Any CPU.ActiveCfg = Release|Any CPU
		{82F8EA8D-6E31-4705-9AD2-6D116569527B}.Release|Any CPU.Build.0 = Release|Any CPU
		{82F8EA8D-6E31-4705-9AD2-6D116569527B}.Release|x64.ActiveCfg = Release|Any CPU
		{82F8EA8D-6E31-4705-9AD2-6D116569527B}.Release|x64.Build.0 = Release|Any CPU
		{82F8EA8D-6E31-4705-9AD2-6D116569527B}.Release|x86.ActiveCfg = Release|Any CPU
		{82F8EA8D-6E31-4705-9AD2-6D116569527B}.Release|x86.Build.0 = Release|Any CPU
		{F57C4593-DD86-4A51-BD86-F5393FE4D1F8}.Debug|Any CPU.ActiveCfg = Debug|Any CPU
		{F57C4593-DD86-4A51-BD86-F5393FE4D1F8}.Debug|Any CPU.Build.0 = Debug|Any CPU
		{F57C4593-DD86-4A51-BD86-F5393FE4D1F8}.Debug|x64.ActiveCfg = Debug|Any CPU
		{F57C4593-DD86-4A51-BD86-F5393FE4D1F8}.Debug|x64.Build.0 = Debug|Any CPU
		{F57C4593-DD86-4A51-BD86-F5393FE4D1F8}.Debug|x86.ActiveCfg = Debug|Any CPU
		{F57C4593-DD86-4A51-BD86-F5393FE4D1F8}.Debug|x86.Build.0 = Debug|Any CPU
		{F57C4593-DD86-4A51-BD86-F5393FE4D1F8}.Release|Any CPU.ActiveCfg = Release|Any CPU
		{F57C4593-DD86-4A51-BD86-F5393FE4D1F8}.Release|Any CPU.Build.0 = Release|Any CPU
		{F57C4593-DD86-4A51-BD86-F5393FE4D1F8}.Release|x64.ActiveCfg = Release|Any CPU
		{F57C4593-DD86-4A51-BD86-F5393FE4D1F8}.Release|x64.Build.0 = Release|Any CPU
		{F57C4593-DD86-4A51-BD86-F5393FE4D1F8}.Release|x86.ActiveCfg = Release|Any CPU
		{F57C4593-DD86-4A51-BD86-F5393FE4D1F8}.Release|x86.Build.0 = Release|Any CPU
		{FC3A56A2-4BE5-4F2D-BE89-6DAF997F4768}.Debug|Any CPU.ActiveCfg = Debug|Any CPU
		{FC3A56A2-4BE5-4F2D-BE89-6DAF997F4768}.Debug|Any CPU.Build.0 = Debug|Any CPU
		{FC3A56A2-4BE5-4F2D-BE89-6DAF997F4768}.Debug|x64.ActiveCfg = Debug|Any CPU
		{FC3A56A2-4BE5-4F2D-BE89-6DAF997F4768}.Debug|x64.Build.0 = Debug|Any CPU
		{FC3A56A2-4BE5-4F2D-BE89-6DAF997F4768}.Debug|x86.ActiveCfg = Debug|Any CPU
		{FC3A56A2-4BE5-4F2D-BE89-6DAF997F4768}.Debug|x86.Build.0 = Debug|Any CPU
		{FC3A56A2-4BE5-4F2D-BE89-6DAF997F4768}.Release|Any CPU.ActiveCfg = Release|Any CPU
		{FC3A56A2-4BE5-4F2D-BE89-6DAF997F4768}.Release|Any CPU.Build.0 = Release|Any CPU
		{FC3A56A2-4BE5-4F2D-BE89-6DAF997F4768}.Release|x64.ActiveCfg = Release|Any CPU
		{FC3A56A2-4BE5-4F2D-BE89-6DAF997F4768}.Release|x64.Build.0 = Release|Any CPU
		{FC3A56A2-4BE5-4F2D-BE89-6DAF997F4768}.Release|x86.ActiveCfg = Release|Any CPU
		{FC3A56A2-4BE5-4F2D-BE89-6DAF997F4768}.Release|x86.Build.0 = Release|Any CPU
	EndGlobalSection
	GlobalSection(SolutionProperties) = preSolution
		HideSolutionNode = FALSE
	EndGlobalSection
EndGlobal
